{
  "name": "advent-code",
  "version": "1.0.0",
  "lockfileVersion": 3,
  "requires": true,
  "packages": {
    "": {
      "license": "MIT",
      "workspaces": [
        "packages/napi"
      ]
    },
    "node_modules/@napi-rs/cli": {
      "version": "2.18.4",
      "resolved": "https://registry.npmjs.org/@napi-rs/cli/-/cli-2.18.4.tgz",
      "integrity": "sha512-SgJeA4df9DE2iAEpr3M2H0OKl/yjtg1BnRI5/JyowS71tUWhrfSu2LT0V3vlHET+g1hBVlrO60PmEXwUEKp8Mg==",
      "license": "MIT",
      "bin": {
        "napi": "scripts/index.js"
      },
      "engines": {
        "node": ">= 10"
      },
      "funding": {
        "type": "github",
        "url": "https://github.com/sponsors/Brooooooklyn"
      }
    },
    "node_modules/advent-code-napi": {
      "resolved": "packages/napi",
      "link": true
    },
    "packages/backend": {
      "name": "advent-code-backend",
      "version": "1.0.0",
      "extraneous": true,
      "dependencies": {
        "@apollo/server": "^4.11.2",
        "advent-code-wasm": "file:../wasm",
        "graphql": "^16.9.0"
      },
      "devDependencies": {
        "@types/node": "^22.10.1",
        "typescript": "^5.7.2"
      }
    },
    "packages/foo": {
      "version": "1.0.0",
      "extraneous": true,
      "license": "ISC",
      "dependencies": {
        "advent-code-napi": "file:../napi"
      },
      "devDependencies": {}
    },
    "packages/napi": {
      "name": "advent-code-napi",
      "version": "1.0.0",
      "dependencies": {
        "@napi-rs/cli": "^2.18.4"
      }
    },
    "packages/wasm": {
      "name": "advent-code-wasm",
      "version": "0.1.0",
      "extraneous": true
    },
    "packages/webapp": {
      "name": "advent-code-webapp",
      "version": "0.1.0",
      "extraneous": true,
      "dependencies": {
        "@t3-oss/env-nextjs": "^0.10.1",
        "@tanstack/react-query": "^5.50.0",
        "@trpc/client": "^11.0.0-rc.446",
        "@trpc/react-query": "^11.0.0-rc.446",
        "@trpc/server": "^11.0.0-rc.446",
        "advent-code-wasm": "file:../wasm",
        "geist": "^1.3.0",
        "next": "^15.0.1",
        "react": "^18.3.1",
        "react-dom": "^18.3.1",
        "server-only": "^0.0.1",
        "superjson": "^2.2.1",
        "zod": "^3.23.3"
      },
      "devDependencies": {
        "@types/eslint": "^8.56.10",
        "@types/node": "^20.14.10",
        "@types/react": "^18.3.3",
        "@types/react-dom": "^18.3.0",
        "@typescript-eslint/eslint-plugin": "^8.1.0",
        "@typescript-eslint/parser": "^8.1.0",
        "eslint": "^8.57.0",
        "eslint-config-next": "^15.0.1",
        "typescript": "^5.5.3"
      }
    }
  }
}
